// !$*UTF8*$!
{
	archiveVersion = 1;
	classes = {
	};
	objectVersion = 56;
	objects = {

/* Begin PBXBuildFile section */
		8911549F28DC434600C41B16 /* e-Ukraine-Bold.otf in Resources */ = {isa = PBXBuildFile; fileRef = 8911549E28DC434300C41B16 /* e-Ukraine-Bold.otf */; };
		891154A028DC434900C41B16 /* e-Ukraine-Medium.otf in Resources */ = {isa = PBXBuildFile; fileRef = 8911549D28DC434300C41B16 /* e-Ukraine-Medium.otf */; };
		891154A128DC434E00C41B16 /* e-UkraineHead-Bold.otf in Resources */ = {isa = PBXBuildFile; fileRef = 8911549B28DC434300C41B16 /* e-UkraineHead-Bold.otf */; };
		891154A228DC435100C41B16 /* e-UkraineHead-Medium.otf in Resources */ = {isa = PBXBuildFile; fileRef = 8911549C28DC434300C41B16 /* e-UkraineHead-Medium.otf */; };
		891154EF28DDB8AC00C41B16 /* DataStorage.swift in Sources */ = {isa = PBXBuildFile; fileRef = 891154EE28DDB8AC00C41B16 /* DataStorage.swift */; };
		891154F228DDBA5600C41B16 /* User.swift in Sources */ = {isa = PBXBuildFile; fileRef = 891154F128DDBA5600C41B16 /* User.swift */; };
		8957DEAD28DB348300E211A2 /* DocumentCollectionViewCell.swift in Sources */ = {isa = PBXBuildFile; fileRef = 8957DEAB28DB348300E211A2 /* DocumentCollectionViewCell.swift */; };
		8957DEAE28DB348300E211A2 /* DocumentCollectionViewCell.xib in Resources */ = {isa = PBXBuildFile; fileRef = 8957DEAC28DB348300E211A2 /* DocumentCollectionViewCell.xib */; };
		89D11C3A28DB2A8D00700AB2 /* AppDelegate.swift in Sources */ = {isa = PBXBuildFile; fileRef = 89D11C3928DB2A8D00700AB2 /* AppDelegate.swift */; };
		89D11C3C28DB2A8D00700AB2 /* SceneDelegate.swift in Sources */ = {isa = PBXBuildFile; fileRef = 89D11C3B28DB2A8D00700AB2 /* SceneDelegate.swift */; };
		89D11C3E28DB2A8D00700AB2 /* DocumentsViewController.swift in Sources */ = {isa = PBXBuildFile; fileRef = 89D11C3D28DB2A8D00700AB2 /* DocumentsViewController.swift */; };
		89D11C4128DB2A8D00700AB2 /* Main.storyboard in Resources */ = {isa = PBXBuildFile; fileRef = 89D11C3F28DB2A8D00700AB2 /* Main.storyboard */; };
		89D11C4328DB2A8F00700AB2 /* Assets.xcassets in Resources */ = {isa = PBXBuildFile; fileRef = 89D11C4228DB2A8F00700AB2 /* Assets.xcassets */; };
		89D11C4628DB2A8F00700AB2 /* LaunchScreen.storyboard in Resources */ = {isa = PBXBuildFile; fileRef = 89D11C4428DB2A8F00700AB2 /* LaunchScreen.storyboard */; };
		89FE97C028DEF4DF004333F1 /* DocumentsPresenter.swift in Sources */ = {isa = PBXBuildFile; fileRef = 89FE97BF28DEF4DF004333F1 /* DocumentsPresenter.swift */; };
		89FE97C228DEF58E004333F1 /* DocumentsRouter.swift in Sources */ = {isa = PBXBuildFile; fileRef = 89FE97C128DEF58E004333F1 /* DocumentsRouter.swift */; };
		89FE97C428DEF5EA004333F1 /* DocumentsInteractor.swift in Sources */ = {isa = PBXBuildFile; fileRef = 89FE97C328DEF5EA004333F1 /* DocumentsInteractor.swift */; };
		89FE97C628DEF67A004333F1 /* DocumentsModuleBuilder.swift in Sources */ = {isa = PBXBuildFile; fileRef = 89FE97C528DEF67A004333F1 /* DocumentsModuleBuilder.swift */; };
/* End PBXBuildFile section */

/* Begin PBXFileReference section */
		8911549B28DC434300C41B16 /* e-UkraineHead-Bold.otf */ = {isa = PBXFileReference; lastKnownFileType = file; path = "e-UkraineHead-Bold.otf"; sourceTree = "<group>"; };
		8911549C28DC434300C41B16 /* e-UkraineHead-Medium.otf */ = {isa = PBXFileReference; lastKnownFileType = file; path = "e-UkraineHead-Medium.otf"; sourceTree = "<group>"; };
		8911549D28DC434300C41B16 /* e-Ukraine-Medium.otf */ = {isa = PBXFileReference; lastKnownFileType = file; path = "e-Ukraine-Medium.otf"; sourceTree = "<group>"; };
		8911549E28DC434300C41B16 /* e-Ukraine-Bold.otf */ = {isa = PBXFileReference; lastKnownFileType = file; path = "e-Ukraine-Bold.otf"; sourceTree = "<group>"; };
		891154EE28DDB8AC00C41B16 /* DataStorage.swift */ = {isa = PBXFileReference; lastKnownFileType = sourcecode.swift; path = DataStorage.swift; sourceTree = "<group>"; };
		891154F128DDBA5600C41B16 /* User.swift */ = {isa = PBXFileReference; lastKnownFileType = sourcecode.swift; path = User.swift; sourceTree = "<group>"; };
		8957DEAB28DB348300E211A2 /* DocumentCollectionViewCell.swift */ = {isa = PBXFileReference; lastKnownFileType = sourcecode.swift; path = DocumentCollectionViewCell.swift; sourceTree = "<group>"; };
		8957DEAC28DB348300E211A2 /* DocumentCollectionViewCell.xib */ = {isa = PBXFileReference; lastKnownFileType = file.xib; path = DocumentCollectionViewCell.xib; sourceTree = "<group>"; };
		89D11C3628DB2A8D00700AB2 /* diiaTestForMySelf.app */ = {isa = PBXFileReference; explicitFileType = wrapper.application; includeInIndex = 0; path = diiaTestForMySelf.app; sourceTree = BUILT_PRODUCTS_DIR; };
		89D11C3928DB2A8D00700AB2 /* AppDelegate.swift */ = {isa = PBXFileReference; lastKnownFileType = sourcecode.swift; path = AppDelegate.swift; sourceTree = "<group>"; };
		89D11C3B28DB2A8D00700AB2 /* SceneDelegate.swift */ = {isa = PBXFileReference; lastKnownFileType = sourcecode.swift; path = SceneDelegate.swift; sourceTree = "<group>"; };
		89D11C3D28DB2A8D00700AB2 /* DocumentsViewController.swift */ = {isa = PBXFileReference; lastKnownFileType = sourcecode.swift; path = DocumentsViewController.swift; sourceTree = "<group>"; };
		89D11C4028DB2A8D00700AB2 /* Base */ = {isa = PBXFileReference; lastKnownFileType = file.storyboard; name = Base; path = Base.lproj/Main.storyboard; sourceTree = "<group>"; };
		89D11C4228DB2A8F00700AB2 /* Assets.xcassets */ = {isa = PBXFileReference; lastKnownFileType = folder.assetcatalog; path = Assets.xcassets; sourceTree = "<group>"; };
		89D11C4528DB2A8F00700AB2 /* Base */ = {isa = PBXFileReference; lastKnownFileType = file.storyboard; name = Base; path = Base.lproj/LaunchScreen.storyboard; sourceTree = "<group>"; };
		89D11C4728DB2A8F00700AB2 /* Info.plist */ = {isa = PBXFileReference; lastKnownFileType = text.plist.xml; path = Info.plist; sourceTree = "<group>"; };
		89FE97BF28DEF4DF004333F1 /* DocumentsPresenter.swift */ = {isa = PBXFileReference; lastKnownFileType = sourcecode.swift; path = DocumentsPresenter.swift; sourceTree = "<group>"; };
		89FE97C128DEF58E004333F1 /* DocumentsRouter.swift */ = {isa = PBXFileReference; lastKnownFileType = sourcecode.swift; path = DocumentsRouter.swift; sourceTree = "<group>"; };
		89FE97C328DEF5EA004333F1 /* DocumentsInteractor.swift */ = {isa = PBXFileReference; lastKnownFileType = sourcecode.swift; path = DocumentsInteractor.swift; sourceTree = "<group>"; };
		89FE97C528DEF67A004333F1 /* DocumentsModuleBuilder.swift */ = {isa = PBXFileReference; lastKnownFileType = sourcecode.swift; path = DocumentsModuleBuilder.swift; sourceTree = "<group>"; };
/* End PBXFileReference section */

/* Begin PBXFrameworksBuildPhase section */
		89D11C3328DB2A8D00700AB2 /* Frameworks */ = {
			isa = PBXFrameworksBuildPhase;
			buildActionMask = 2147483647;
			files = (
			);
			runOnlyForDeploymentPostprocessing = 0;
		};
/* End PBXFrameworksBuildPhase section */

/* Begin PBXGroup section */
		891154A328DC441200C41B16 /* Fonts */ = {
			isa = PBXGroup;
			children = (
				8911549E28DC434300C41B16 /* e-Ukraine-Bold.otf */,
				8911549D28DC434300C41B16 /* e-Ukraine-Medium.otf */,
				8911549B28DC434300C41B16 /* e-UkraineHead-Bold.otf */,
				8911549C28DC434300C41B16 /* e-UkraineHead-Medium.otf */,
			);
			path = Fonts;
			sourceTree = "<group>";
		};
		891154F028DDB9E900C41B16 /* Services */ = {
			isa = PBXGroup;
			children = (
				891154EE28DDB8AC00C41B16 /* DataStorage.swift */,
			);
			path = Services;
			sourceTree = "<group>";
		};
		891154F328DDBAA200C41B16 /* Models */ = {
			isa = PBXGroup;
			children = (
				891154F128DDBA5600C41B16 /* User.swift */,
			);
			path = Models;
			sourceTree = "<group>";
		};
		89D11C2D28DB2A8D00700AB2 = {
			isa = PBXGroup;
			children = (
				89D11C3828DB2A8D00700AB2 /* diiaTestForMySelf */,
				89D11C3728DB2A8D00700AB2 /* Products */,
			);
			sourceTree = "<group>";
		};
		89D11C3728DB2A8D00700AB2 /* Products */ = {
			isa = PBXGroup;
			children = (
				89D11C3628DB2A8D00700AB2 /* diiaTestForMySelf.app */,
			);
			name = Products;
			sourceTree = "<group>";
		};
		89D11C3828DB2A8D00700AB2 /* diiaTestForMySelf */ = {
			isa = PBXGroup;
			children = (
				89D11C5028DB301900700AB2 /* Application */,
				89D11C4D28DB2FFC00700AB2 /* View Controllers */,
				89D11C4E28DB300800700AB2 /* Storyboards */,
				891154F028DDB9E900C41B16 /* Services */,
				89D11C4F28DB301000700AB2 /* Resources */,
				891154F328DDBAA200C41B16 /* Models */,
			);
			path = diiaTestForMySelf;
			sourceTree = "<group>";
		};
		89D11C4D28DB2FFC00700AB2 /* View Controllers */ = {
			isa = PBXGroup;
			children = (
				89D11C3D28DB2A8D00700AB2 /* DocumentsViewController.swift */,
				89FE97BF28DEF4DF004333F1 /* DocumentsPresenter.swift */,
				89FE97C128DEF58E004333F1 /* DocumentsRouter.swift */,
				89FE97C328DEF5EA004333F1 /* DocumentsInteractor.swift */,
				89FE97C528DEF67A004333F1 /* DocumentsModuleBuilder.swift */,
				89FE97BE28DEF3D4004333F1 /* View Cell */,
			);
			path = "View Controllers";
			sourceTree = "<group>";
		};
		89D11C4E28DB300800700AB2 /* Storyboards */ = {
			isa = PBXGroup;
			children = (
				89D11C3F28DB2A8D00700AB2 /* Main.storyboard */,
				89D11C4428DB2A8F00700AB2 /* LaunchScreen.storyboard */,
			);
			path = Storyboards;
			sourceTree = "<group>";
		};
		89D11C4F28DB301000700AB2 /* Resources */ = {
			isa = PBXGroup;
			children = (
				89D11C4228DB2A8F00700AB2 /* Assets.xcassets */,
				891154A328DC441200C41B16 /* Fonts */,
			);
			path = Resources;
			sourceTree = "<group>";
		};
		89D11C5028DB301900700AB2 /* Application */ = {
			isa = PBXGroup;
			children = (
				89D11C3928DB2A8D00700AB2 /* AppDelegate.swift */,
				89D11C3B28DB2A8D00700AB2 /* SceneDelegate.swift */,
				89D11C4728DB2A8F00700AB2 /* Info.plist */,
			);
			path = Application;
			sourceTree = "<group>";
		};
		89FE97BE28DEF3D4004333F1 /* View Cell */ = {
			isa = PBXGroup;
			children = (
				8957DEAB28DB348300E211A2 /* DocumentCollectionViewCell.swift */,
				8957DEAC28DB348300E211A2 /* DocumentCollectionViewCell.xib */,
			);
			path = "View Cell";
			sourceTree = "<group>";
		};
/* End PBXGroup section */

/* Begin PBXNativeTarget section */
		89D11C3528DB2A8D00700AB2 /* diiaTestForMySelf */ = {
			isa = PBXNativeTarget;
			buildConfigurationList = 89D11C4A28DB2A8F00700AB2 /* Build configuration list for PBXNativeTarget "diiaTestForMySelf" */;
			buildPhases = (
				89D11C3228DB2A8D00700AB2 /* Sources */,
				89D11C3328DB2A8D00700AB2 /* Frameworks */,
				89D11C3428DB2A8D00700AB2 /* Resources */,
			);
			buildRules = (
			);
			dependencies = (
			);
			name = diiaTestForMySelf;
			productName = diiaTestForMySelf;
			productReference = 89D11C3628DB2A8D00700AB2 /* diiaTestForMySelf.app */;
			productType = "com.apple.product-type.application";
		};
/* End PBXNativeTarget section */

/* Begin PBXProject section */
		89D11C2E28DB2A8D00700AB2 /* Project object */ = {
			isa = PBXProject;
			attributes = {
				BuildIndependentTargetsInParallel = 1;
				LastSwiftUpdateCheck = 1400;
				LastUpgradeCheck = 1400;
				TargetAttributes = {
					89D11C3528DB2A8D00700AB2 = {
						CreatedOnToolsVersion = 14.0;
					};
				};
			};
			buildConfigurationList = 89D11C3128DB2A8D00700AB2 /* Build configuration list for PBXProject "diiaTestForMySelf" */;
			compatibilityVersion = "Xcode 14.0";
			developmentRegion = en;
			hasScannedForEncodings = 0;
			knownRegions = (
				en,
				Base,
			);
			mainGroup = 89D11C2D28DB2A8D00700AB2;
			productRefGroup = 89D11C3728DB2A8D00700AB2 /* Products */;
			projectDirPath = "";
			projectRoot = "";
			targets = (
				89D11C3528DB2A8D00700AB2 /* diiaTestForMySelf */,
			);
		};
/* End PBXProject section */

/* Begin PBXResourcesBuildPhase section */
		89D11C3428DB2A8D00700AB2 /* Resources */ = {
			isa = PBXResourcesBuildPhase;
			buildActionMask = 2147483647;
			files = (
				891154A228DC435100C41B16 /* e-UkraineHead-Medium.otf in Resources */,
				891154A128DC434E00C41B16 /* e-UkraineHead-Bold.otf in Resources */,
				89D11C4628DB2A8F00700AB2 /* LaunchScreen.storyboard in Resources */,
				8911549F28DC434600C41B16 /* e-Ukraine-Bold.otf in Resources */,
				891154A028DC434900C41B16 /* e-Ukraine-Medium.otf in Resources */,
				8957DEAE28DB348300E211A2 /* DocumentCollectionViewCell.xib in Resources */,
				89D11C4328DB2A8F00700AB2 /* Assets.xcassets in Resources */,
				89D11C4128DB2A8D00700AB2 /* Main.storyboard in Resources */,
			);
			runOnlyForDeploymentPostprocessing = 0;
		};
/* End PBXResourcesBuildPhase section */

/* Begin PBXSourcesBuildPhase section */
		89D11C3228DB2A8D00700AB2 /* Sources */ = {
			isa = PBXSourcesBuildPhase;
			buildActionMask = 2147483647;
			files = (
				89D11C3E28DB2A8D00700AB2 /* DocumentsViewController.swift in Sources */,
				891154EF28DDB8AC00C41B16 /* DataStorage.swift in Sources */,
				89FE97C028DEF4DF004333F1 /* DocumentsPresenter.swift in Sources */,
				89FE97C228DEF58E004333F1 /* DocumentsRouter.swift in Sources */,
				89FE97C628DEF67A004333F1 /* DocumentsModuleBuilder.swift in Sources */,
				89D11C3A28DB2A8D00700AB2 /* AppDelegate.swift in Sources */,
				8957DEAD28DB348300E211A2 /* DocumentCollectionViewCell.swift in Sources */,
				89D11C3C28DB2A8D00700AB2 /* SceneDelegate.swift in Sources */,
				89FE97C428DEF5EA004333F1 /* DocumentsInteractor.swift in Sources */,
				891154F228DDBA5600C41B16 /* User.swift in Sources */,
			);
			runOnlyForDeploymentPostprocessing = 0;
		};
/* End PBXSourcesBuildPhase section */

/* Begin PBXVariantGroup section */
		89D11C3F28DB2A8D00700AB2 /* Main.storyboard */ = {
			isa = PBXVariantGroup;
			children = (
				89D11C4028DB2A8D00700AB2 /* Base */,
			);
			name = Main.storyboard;
			sourceTree = "<group>";
		};
		89D11C4428DB2A8F00700AB2 /* LaunchScreen.storyboard */ = {
			isa = PBXVariantGroup;
			children = (
				89D11C4528DB2A8F00700AB2 /* Base */,
			);
			name = LaunchScreen.storyboard;
			sourceTree = "<group>";
		};
/* End PBXVariantGroup section */

/* Begin XCBuildConfiguration section */
		89D11C4828DB2A8F00700AB2 /* Debug */ = {
			isa = XCBuildConfiguration;
			buildSettings = {
				ALWAYS_SEARCH_USER_PATHS = NO;
				CLANG_ANALYZER_NONNULL = YES;
				CLANG_ANALYZER_NUMBER_OBJECT_CONVERSION = YES_AGGRESSIVE;
				CLANG_CXX_LANGUAGE_STANDARD = "gnu++20";
				CLANG_ENABLE_MODULES = YES;
				CLANG_ENABLE_OBJC_ARC = YES;
				CLANG_ENABLE_OBJC_WEAK = YES;
				CLANG_WARN_BLOCK_CAPTURE_AUTORELEASING = YES;
				CLANG_WARN_BOOL_CONVERSION = YES;
				CLANG_WARN_COMMA = YES;
				CLANG_WARN_CONSTANT_CONVERSION = YES;
				CLANG_WARN_DEPRECATED_OBJC_IMPLEMENTATIONS = YES;
				CLANG_WARN_DIRECT_OBJC_ISA_USAGE = YES_ERROR;
				CLANG_WARN_DOCUMENTATION_COMMENTS = YES;
				CLANG_WARN_EMPTY_BODY = YES;
				CLANG_WARN_ENUM_CONVERSION = YES;
				CLANG_WARN_INFINITE_RECURSION = YES;
				CLANG_WARN_INT_CONVERSION = YES;
				CLANG_WARN_NON_LITERAL_NULL_CONVERSION = YES;
				CLANG_WARN_OBJC_IMPLICIT_RETAIN_SELF = YES;
				CLANG_WARN_OBJC_LITERAL_CONVERSION = YES;
				CLANG_WARN_OBJC_ROOT_CLASS = YES_ERROR;
				CLANG_WARN_QUOTED_INCLUDE_IN_FRAMEWORK_HEADER = YES;
				CLANG_WARN_RANGE_LOOP_ANALYSIS = YES;
				CLANG_WARN_STRICT_PROTOTYPES = YES;
				CLANG_WARN_SUSPICIOUS_MOVE = YES;
				CLANG_WARN_UNGUARDED_AVAILABILITY = YES_AGGRESSIVE;
				CLANG_WARN_UNREACHABLE_CODE = YES;
				CLANG_WARN__DUPLICATE_METHOD_MATCH = YES;
				COPY_PHASE_STRIP = NO;
				DEBUG_INFORMATION_FORMAT = dwarf;
				ENABLE_STRICT_OBJC_MSGSEND = YES;
				ENABLE_TESTABILITY = YES;
				GCC_C_LANGUAGE_STANDARD = gnu11;
				GCC_DYNAMIC_NO_PIC = NO;
				GCC_NO_COMMON_BLOCKS = YES;
				GCC_OPTIMIZATION_LEVEL = 0;
				GCC_PREPROCESSOR_DEFINITIONS = (
					"DEBUG=1",
					"$(inherited)",
				);
				GCC_WARN_64_TO_32_BIT_CONVERSION = YES;
				GCC_WARN_ABOUT_RETURN_TYPE = YES_ERROR;
				GCC_WARN_UNDECLARED_SELECTOR = YES;
				GCC_WARN_UNINITIALIZED_AUTOS = YES_AGGRESSIVE;
				GCC_WARN_UNUSED_FUNCTION = YES;
				GCC_WARN_UNUSED_VARIABLE = YES;
				IPHONEOS_DEPLOYMENT_TARGET = 16.0;
				MTL_ENABLE_DEBUG_INFO = INCLUDE_SOURCE;
				MTL_FAST_MATH = YES;
				ONLY_ACTIVE_ARCH = YES;
				SDKROOT = iphoneos;
				SWIFT_ACTIVE_COMPILATION_CONDITIONS = DEBUG;
				SWIFT_OPTIMIZATION_LEVEL = "-Onone";
			};
			name = Debug;
		};
		89D11C4928DB2A8F00700AB2 /* Release */ = {
			isa = XCBuildConfiguration;
			buildSettings = {
				ALWAYS_SEARCH_USER_PATHS = NO;
				CLANG_ANALYZER_NONNULL = YES;
				CLANG_ANALYZER_NUMBER_OBJECT_CONVERSION = YES_AGGRESSIVE;
				CLANG_CXX_LANGUAGE_STANDARD = "gnu++20";
				CLANG_ENABLE_MODULES = YES;
				CLANG_ENABLE_OBJC_ARC = YES;
				CLANG_ENABLE_OBJC_WEAK = YES;
				CLANG_WARN_BLOCK_CAPTURE_AUTORELEASING = YES;
				CLANG_WARN_BOOL_CONVERSION = YES;
				CLANG_WARN_COMMA = YES;
				CLANG_WARN_CONSTANT_CONVERSION = YES;
				CLANG_WARN_DEPRECATED_OBJC_IMPLEMENTATIONS = YES;
				CLANG_WARN_DIRECT_OBJC_ISA_USAGE = YES_ERROR;
				CLANG_WARN_DOCUMENTATION_COMMENTS = YES;
				CLANG_WARN_EMPTY_BODY = YES;
				CLANG_WARN_ENUM_CONVERSION = YES;
				CLANG_WARN_INFINITE_RECURSION = YES;
				CLANG_WARN_INT_CONVERSION = YES;
				CLANG_WARN_NON_LITERAL_NULL_CONVERSION = YES;
				CLANG_WARN_OBJC_IMPLICIT_RETAIN_SELF = YES;
				CLANG_WARN_OBJC_LITERAL_CONVERSION = YES;
				CLANG_WARN_OBJC_ROOT_CLASS = YES_ERROR;
				CLANG_WARN_QUOTED_INCLUDE_IN_FRAMEWORK_HEADER = YES;
				CLANG_WARN_RANGE_LOOP_ANALYSIS = YES;
				CLANG_WARN_STRICT_PROTOTYPES = YES;
				CLANG_WARN_SUSPICIOUS_MOVE = YES;
				CLANG_WARN_UNGUARDED_AVAILABILITY = YES_AGGRESSIVE;
				CLANG_WARN_UNREACHABLE_CODE = YES;
				CLANG_WARN__DUPLICATE_METHOD_MATCH = YES;
				COPY_PHASE_STRIP = NO;
				DEBUG_INFORMATION_FORMAT = "dwarf-with-dsym";
				ENABLE_NS_ASSERTIONS = NO;
				ENABLE_STRICT_OBJC_MSGSEND = YES;
				GCC_C_LANGUAGE_STANDARD = gnu11;
				GCC_NO_COMMON_BLOCKS = YES;
				GCC_WARN_64_TO_32_BIT_CONVERSION = YES;
				GCC_WARN_ABOUT_RETURN_TYPE = YES_ERROR;
				GCC_WARN_UNDECLARED_SELECTOR = YES;
				GCC_WARN_UNINITIALIZED_AUTOS = YES_AGGRESSIVE;
				GCC_WARN_UNUSED_FUNCTION = YES;
				GCC_WARN_UNUSED_VARIABLE = YES;
				IPHONEOS_DEPLOYMENT_TARGET = 16.0;
				MTL_ENABLE_DEBUG_INFO = NO;
				MTL_FAST_MATH = YES;
				SDKROOT = iphoneos;
				SWIFT_COMPILATION_MODE = wholemodule;
				SWIFT_OPTIMIZATION_LEVEL = "-O";
				VALIDATE_PRODUCT = YES;
			};
			name = Release;
		};
		89D11C4B28DB2A8F00700AB2 /* Debug */ = {
			isa = XCBuildConfiguration;
			buildSettings = {
				ASSETCATALOG_COMPILER_APPICON_NAME = AppIcon;
				ASSETCATALOG_COMPILER_GLOBAL_ACCENT_COLOR_NAME = AccentColor;
				CODE_SIGN_STYLE = Automatic;
				CURRENT_PROJECT_VERSION = 1;
				DEVELOPMENT_TEAM = V2AAW35578;
				GENERATE_INFOPLIST_FILE = YES;
				INFOPLIST_FILE = diiaTestForMySelf/Application/Info.plist;
				INFOPLIST_KEY_UIApplicationSupportsIndirectInputEvents = YES;
				INFOPLIST_KEY_UILaunchStoryboardName = LaunchScreen;
				INFOPLIST_KEY_UIMainStoryboardFile = Main;
				INFOPLIST_KEY_UISupportedInterfaceOrientations_iPad = "UIInterfaceOrientationPortrait UIInterfaceOrientationPortraitUpsideDown UIInterfaceOrientationLandscapeLeft UIInterfaceOrientationLandscapeRight";
				INFOPLIST_KEY_UISupportedInterfaceOrientations_iPhone = "UIInterfaceOrientationPortrait UIInterfaceOrientationLandscapeLeft UIInterfaceOrientationLandscapeRight";
				LD_RUNPATH_SEARCH_PATHS = (
					"$(inherited)",
					"@executable_path/Frameworks",
				);
				MARKETING_VERSION = 1.0;
				PRODUCT_BUNDLE_IDENTIFIER = clown.diiaTestForMySelf;
				PRODUCT_NAME = "$(TARGET_NAME)";
				SWIFT_EMIT_LOC_STRINGS = YES;
				SWIFT_VERSION = 5.0;
				TARGETED_DEVICE_FAMILY = "1,2";
			};
			name = Debug;
		};
		89D11C4C28DB2A8F00700AB2 /* Release */ = {
			isa = XCBuildConfiguration;
			buildSettings = {
				ASSETCATALOG_COMPILER_APPICON_NAME = AppIcon;
				ASSETCATALOG_COMPILER_GLOBAL_ACCENT_COLOR_NAME = AccentColor;
				CODE_SIGN_STYLE = Automatic;
				CURRENT_PROJECT_VERSION = 1;
				DEVELOPMENT_TEAM = V2AAW35578;
				GENERATE_INFOPLIST_FILE = YES;
				INFOPLIST_FILE = diiaTestForMySelf/Application/Info.plist;
				INFOPLIST_KEY_UIApplicationSupportsIndirectInputEvents = YES;
				INFOPLIST_KEY_UILaunchStoryboardName = LaunchScreen;
				INFOPLIST_KEY_UIMainStoryboardFile = Main;
				INFOPLIST_KEY_UISupportedInterfaceOrientations_iPad = "UIInterfaceOrientationPortrait UIInterfaceOrientationPortraitUpsideDown UIInterfaceOrientationLandscapeLeft UIInterfaceOrientationLandscapeRight";
				INFOPLIST_KEY_UISupportedInterfaceOrientations_iPhone = "UIInterfaceOrientationPortrait UIInterfaceOrientationLandscapeLeft UIInterfaceOrientationLandscapeRight";
				LD_RUNPATH_SEARCH_PATHS = (
					"$(inherited)",
					"@executable_path/Frameworks",
				);
				MARKETING_VERSION = 1.0;
				PRODUCT_BUNDLE_IDENTIFIER = clown.diiaTestForMySelf;
				PRODUCT_NAME = "$(TARGET_NAME)";
				SWIFT_EMIT_LOC_STRINGS = YES;
				SWIFT_VERSION = 5.0;
				TARGETED_DEVICE_FAMILY = "1,2";
			};
			name = Release;
		};
/* End XCBuildConfiguration section */

/* Begin XCConfigurationList section */
		89D11C3128DB2A8D00700AB2 /* Build configuration list for PBXProject "diiaTestForMySelf" */ = {
			isa = XCConfigurationList;
			buildConfigurations = (
				89D11C4828DB2A8F00700AB2 /* Debug */,
				89D11C4928DB2A8F00700AB2 /* Release */,
			);
			defaultConfigurationIsVisible = 0;
			defaultConfigurationName = Release;
		};
		89D11C4A28DB2A8F00700AB2 /* Build configuration list for PBXNativeTarget "diiaTestForMySelf" */ = {
			isa = XCConfigurationList;
			buildConfigurations = (
				89D11C4B28DB2A8F00700AB2 /* Debug */,
				89D11C4C28DB2A8F00700AB2 /* Release */,
			);
			defaultConfigurationIsVisible = 0;
			defaultConfigurationName = Release;
		};
/* End XCConfigurationList section */
	};
	rootObject = 89D11C2E28DB2A8D00700AB2 /* Project object */;
}
